// !$*UTF8*$!
{
	archiveVersion = 1;
	classes = {
	};
	objectVersion = 50;
	objects = {

/* Begin PBXBuildFile section */
		C14ED21520B0BADE0095CA33 /* AppDelegate.swift in Sources */ = {isa = PBXBuildFile; fileRef = C14ED21420B0BADE0095CA33 /* AppDelegate.swift */; };
		C14ED21720B0BADE0095CA33 /* GameScene.sks in Resources */ = {isa = PBXBuildFile; fileRef = C14ED21620B0BADE0095CA33 /* GameScene.sks */; };
		C14ED21920B0BADE0095CA33 /* Actions.sks in Resources */ = {isa = PBXBuildFile; fileRef = C14ED21820B0BADE0095CA33 /* Actions.sks */; };
		C14ED21B20B0BADE0095CA33 /* GameScene.swift in Sources */ = {isa = PBXBuildFile; fileRef = C14ED21A20B0BADE0095CA33 /* GameScene.swift */; };
		C14ED21D20B0BADE0095CA33 /* GameViewController.swift in Sources */ = {isa = PBXBuildFile; fileRef = C14ED21C20B0BADE0095CA33 /* GameViewController.swift */; };
		C14ED22020B0BADE0095CA33 /* Main.storyboard in Resources */ = {isa = PBXBuildFile; fileRef = C14ED21E20B0BADE0095CA33 /* Main.storyboard */; };
		C14ED22220B0BADF0095CA33 /* Assets.xcassets in Resources */ = {isa = PBXBuildFile; fileRef = C14ED22120B0BADF0095CA33 /* Assets.xcassets */; };
		C14ED22520B0BADF0095CA33 /* LaunchScreen.storyboard in Resources */ = {isa = PBXBuildFile; fileRef = C14ED22320B0BADF0095CA33 /* LaunchScreen.storyboard */; };
		C14ED23020B0BADF0095CA33 /* ColorGameTests.swift in Sources */ = {isa = PBXBuildFile; fileRef = C14ED22F20B0BADF0095CA33 /* ColorGameTests.swift */; };
		C14ED23B20B0BADF0095CA33 /* ColorGameUITests.swift in Sources */ = {isa = PBXBuildFile; fileRef = C14ED23A20B0BADF0095CA33 /* ColorGameUITests.swift */; };
		C14ED25020B0BB6C0095CA33 /* powerUp.wav in Resources */ = {isa = PBXBuildFile; fileRef = C14ED24920B0BB6B0095CA33 /* powerUp.wav */; };
		C14ED25120B0BB6C0095CA33 /* move.wav in Resources */ = {isa = PBXBuildFile; fileRef = C14ED24A20B0BB6B0095CA33 /* move.wav */; };
		C14ED25220B0BB6C0095CA33 /* MenuHighscoreMusic.mp3 in Resources */ = {isa = PBXBuildFile; fileRef = C14ED24B20B0BB6B0095CA33 /* MenuHighscoreMusic.mp3 */; };
		C14ED25320B0BB6C0095CA33 /* background.wav in Resources */ = {isa = PBXBuildFile; fileRef = C14ED24C20B0BB6B0095CA33 /* background.wav */; };
		C14ED25420B0BB6C0095CA33 /* levelCompleted.wav in Resources */ = {isa = PBXBuildFile; fileRef = C14ED24D20B0BB6B0095CA33 /* levelCompleted.wav */; };
		C14ED25520B0BB6C0095CA33 /* fail.wav in Resources */ = {isa = PBXBuildFile; fileRef = C14ED24E20B0BB6B0095CA33 /* fail.wav */; };
		C14ED25620B0BB6C0095CA33 /* levelUp.wav in Resources */ = {isa = PBXBuildFile; fileRef = C14ED24F20B0BB6B0095CA33 /* levelUp.wav */; };
/* End PBXBuildFile section */

/* Begin PBXContainerItemProxy section */
		C14ED22C20B0BADF0095CA33 /* PBXContainerItemProxy */ = {
			isa = PBXContainerItemProxy;
			containerPortal = C14ED20920B0BADE0095CA33 /* Project object */;
			proxyType = 1;
			remoteGlobalIDString = C14ED21020B0BADE0095CA33;
			remoteInfo = ColorGame;
		};
		C14ED23720B0BADF0095CA33 /* PBXContainerItemProxy */ = {
			isa = PBXContainerItemProxy;
			containerPortal = C14ED20920B0BADE0095CA33 /* Project object */;
			proxyType = 1;
			remoteGlobalIDString = C14ED21020B0BADE0095CA33;
			remoteInfo = ColorGame;
		};
/* End PBXContainerItemProxy section */

/* Begin PBXFileReference section */
		C14ED21120B0BADE0095CA33 /* ColorGame.app */ = {isa = PBXFileReference; explicitFileType = wrapper.application; includeInIndex = 0; path = ColorGame.app; sourceTree = BUILT_PRODUCTS_DIR; };
		C14ED21420B0BADE0095CA33 /* AppDelegate.swift */ = {isa = PBXFileReference; lastKnownFileType = sourcecode.swift; path = AppDelegate.swift; sourceTree = "<group>"; };
		C14ED21620B0BADE0095CA33 /* GameScene.sks */ = {isa = PBXFileReference; lastKnownFileType = file.sks; path = GameScene.sks; sourceTree = "<group>"; };
		C14ED21820B0BADE0095CA33 /* Actions.sks */ = {isa = PBXFileReference; lastKnownFileType = file.sks; path = Actions.sks; sourceTree = "<group>"; };
		C14ED21A20B0BADE0095CA33 /* GameScene.swift */ = {isa = PBXFileReference; lastKnownFileType = sourcecode.swift; path = GameScene.swift; sourceTree = "<group>"; };
		C14ED21C20B0BADE0095CA33 /* GameViewController.swift */ = {isa = PBXFileReference; lastKnownFileType = sourcecode.swift; path = GameViewController.swift; sourceTree = "<group>"; };
		C14ED21F20B0BADE0095CA33 /* Base */ = {isa = PBXFileReference; lastKnownFileType = file.storyboard; name = Base; path = Base.lproj/Main.storyboard; sourceTree = "<group>"; };
		C14ED22120B0BADF0095CA33 /* Assets.xcassets */ = {isa = PBXFileReference; lastKnownFileType = folder.assetcatalog; path = Assets.xcassets; sourceTree = "<group>"; };
		C14ED22420B0BADF0095CA33 /* Base */ = {isa = PBXFileReference; lastKnownFileType = file.storyboard; name = Base; path = Base.lproj/LaunchScreen.storyboard; sourceTree = "<group>"; };
		C14ED22620B0BADF0095CA33 /* Info.plist */ = {isa = PBXFileReference; lastKnownFileType = text.plist.xml; path = Info.plist; sourceTree = "<group>"; };
		C14ED22B20B0BADF0095CA33 /* ColorGameTests.xctest */ = {isa = PBXFileReference; explicitFileType = wrapper.cfbundle; includeInIndex = 0; path = ColorGameTests.xctest; sourceTree = BUILT_PRODUCTS_DIR; };
		C14ED22F20B0BADF0095CA33 /* ColorGameTests.swift */ = {isa = PBXFileReference; lastKnownFileType = sourcecode.swift; path = ColorGameTests.swift; sourceTree = "<group>"; };
		C14ED23120B0BADF0095CA33 /* Info.plist */ = {isa = PBXFileReference; lastKnownFileType = text.plist.xml; path = Info.plist; sourceTree = "<group>"; };
		C14ED23620B0BADF0095CA33 /* ColorGameUITests.xctest */ = {isa = PBXFileReference; explicitFileType = wrapper.cfbundle; includeInIndex = 0; path = ColorGameUITests.xctest; sourceTree = BUILT_PRODUCTS_DIR; };
		C14ED23A20B0BADF0095CA33 /* ColorGameUITests.swift */ = {isa = PBXFileReference; lastKnownFileType = sourcecode.swift; path = ColorGameUITests.swift; sourceTree = "<group>"; };
		C14ED23C20B0BADF0095CA33 /* Info.plist */ = {isa = PBXFileReference; lastKnownFileType = text.plist.xml; path = Info.plist; sourceTree = "<group>"; };
		C14ED24920B0BB6B0095CA33 /* powerUp.wav */ = {isa = PBXFileReference; lastKnownFileType = audio.wav; path = powerUp.wav; sourceTree = "<group>"; };
		C14ED24A20B0BB6B0095CA33 /* move.wav */ = {isa = PBXFileReference; lastKnownFileType = audio.wav; path = move.wav; sourceTree = "<group>"; };
		C14ED24B20B0BB6B0095CA33 /* MenuHighscoreMusic.mp3 */ = {isa = PBXFileReference; lastKnownFileType = audio.mp3; path = MenuHighscoreMusic.mp3; sourceTree = "<group>"; };
		C14ED24C20B0BB6B0095CA33 /* background.wav */ = {isa = PBXFileReference; lastKnownFileType = audio.wav; path = background.wav; sourceTree = "<group>"; };
		C14ED24D20B0BB6B0095CA33 /* levelCompleted.wav */ = {isa = PBXFileReference; lastKnownFileType = audio.wav; path = levelCompleted.wav; sourceTree = "<group>"; };
		C14ED24E20B0BB6B0095CA33 /* fail.wav */ = {isa = PBXFileReference; lastKnownFileType = audio.wav; path = fail.wav; sourceTree = "<group>"; };
		C14ED24F20B0BB6B0095CA33 /* levelUp.wav */ = {isa = PBXFileReference; lastKnownFileType = audio.wav; path = levelUp.wav; sourceTree = "<group>"; };
/* End PBXFileReference section */

/* Begin PBXFrameworksBuildPhase section */
		C14ED20E20B0BADE0095CA33 /* Frameworks */ = {
			isa = PBXFrameworksBuildPhase;
			buildActionMask = 2147483647;
			files = (
			);
			runOnlyForDeploymentPostprocessing = 0;
		};
		C14ED22820B0BADF0095CA33 /* Frameworks */ = {
			isa = PBXFrameworksBuildPhase;
			buildActionMask = 2147483647;
			files = (
			);
			runOnlyForDeploymentPostprocessing = 0;
		};
		C14ED23320B0BADF0095CA33 /* Frameworks */ = {
			isa = PBXFrameworksBuildPhase;
			buildActionMask = 2147483647;
			files = (
			);
			runOnlyForDeploymentPostprocessing = 0;
		};
/* End PBXFrameworksBuildPhase section */

/* Begin PBXGroup section */
		C14ED20820B0BADE0095CA33 = {
			isa = PBXGroup;
			children = (
				C14ED21320B0BADE0095CA33 /* ColorGame */,
				C14ED22E20B0BADF0095CA33 /* ColorGameTests */,
				C14ED23920B0BADF0095CA33 /* ColorGameUITests */,
				C14ED21220B0BADE0095CA33 /* Products */,
			);
			sourceTree = "<group>";
		};
		C14ED21220B0BADE0095CA33 /* Products */ = {
			isa = PBXGroup;
			children = (
				C14ED21120B0BADE0095CA33 /* ColorGame.app */,
				C14ED22B20B0BADF0095CA33 /* ColorGameTests.xctest */,
				C14ED23620B0BADF0095CA33 /* ColorGameUITests.xctest */,
			);
			name = Products;
			sourceTree = "<group>";
		};
		C14ED21320B0BADE0095CA33 /* ColorGame */ = {
			isa = PBXGroup;
			children = (
				C14ED21420B0BADE0095CA33 /* AppDelegate.swift */,
				C14ED21620B0BADE0095CA33 /* GameScene.sks */,
				C14ED21820B0BADE0095CA33 /* Actions.sks */,
				C14ED21A20B0BADE0095CA33 /* GameScene.swift */,
				C14ED21C20B0BADE0095CA33 /* GameViewController.swift */,
				C14ED21E20B0BADE0095CA33 /* Main.storyboard */,
				C14ED24820B0BB6B0095CA33 /* Sounds */,
				C14ED22120B0BADF0095CA33 /* Assets.xcassets */,
				C14ED22320B0BADF0095CA33 /* LaunchScreen.storyboard */,
				C14ED22620B0BADF0095CA33 /* Info.plist */,
			);
			path = ColorGame;
			sourceTree = "<group>";
		};
		C14ED22E20B0BADF0095CA33 /* ColorGameTests */ = {
			isa = PBXGroup;
			children = (
				C14ED22F20B0BADF0095CA33 /* ColorGameTests.swift */,
				C14ED23120B0BADF0095CA33 /* Info.plist */,
			);
			path = ColorGameTests;
			sourceTree = "<group>";
		};
		C14ED23920B0BADF0095CA33 /* ColorGameUITests */ = {
			isa = PBXGroup;
			children = (
				C14ED23A20B0BADF0095CA33 /* ColorGameUITests.swift */,
				C14ED23C20B0BADF0095CA33 /* Info.plist */,
			);
			path = ColorGameUITests;
			sourceTree = "<group>";
		};
		C14ED24820B0BB6B0095CA33 /* Sounds */ = {
			isa = PBXGroup;
			children = (
				C14ED24920B0BB6B0095CA33 /* powerUp.wav */,
				C14ED24A20B0BB6B0095CA33 /* move.wav */,
				C14ED24B20B0BB6B0095CA33 /* MenuHighscoreMusic.mp3 */,
				C14ED24C20B0BB6B0095CA33 /* background.wav */,
				C14ED24D20B0BB6B0095CA33 /* levelCompleted.wav */,
				C14ED24E20B0BB6B0095CA33 /* fail.wav */,
				C14ED24F20B0BB6B0095CA33 /* levelUp.wav */,
			);
			path = Sounds;
			sourceTree = "<group>";
		};
/* End PBXGroup section */

/* Begin PBXNativeTarget section */
		C14ED21020B0BADE0095CA33 /* ColorGame */ = {
			isa = PBXNativeTarget;
			buildConfigurationList = C14ED23F20B0BADF0095CA33 /* Build configuration list for PBXNativeTarget "ColorGame" */;
			buildPhases = (
				C14ED20D20B0BADE0095CA33 /* Sources */,
				C14ED20E20B0BADE0095CA33 /* Frameworks */,
				C14ED20F20B0BADE0095CA33 /* Resources */,
			);
			buildRules = (
			);
			dependencies = (
			);
			name = ColorGame;
			productName = ColorGame;
			productReference = C14ED21120B0BADE0095CA33 /* ColorGame.app */;
			productType = "com.apple.product-type.application";
		};
		C14ED22A20B0BADF0095CA33 /* ColorGameTests */ = {
			isa = PBXNativeTarget;
			buildConfigurationList = C14ED24220B0BADF0095CA33 /* Build configuration list for PBXNativeTarget "ColorGameTests" */;
			buildPhases = (
				C14ED22720B0BADF0095CA33 /* Sources */,
				C14ED22820B0BADF0095CA33 /* Frameworks */,
				C14ED22920B0BADF0095CA33 /* Resources */,
			);
			buildRules = (
			);
			dependencies = (
				C14ED22D20B0BADF0095CA33 /* PBXTargetDependency */,
			);
			name = ColorGameTests;
			productName = ColorGameTests;
			productReference = C14ED22B20B0BADF0095CA33 /* ColorGameTests.xctest */;
			productType = "com.apple.product-type.bundle.unit-test";
		};
		C14ED23520B0BADF0095CA33 /* ColorGameUITests */ = {
			isa = PBXNativeTarget;
			buildConfigurationList = C14ED24520B0BADF0095CA33 /* Build configuration list for PBXNativeTarget "ColorGameUITests" */;
			buildPhases = (
				C14ED23220B0BADF0095CA33 /* Sources */,
				C14ED23320B0BADF0095CA33 /* Frameworks */,
				C14ED23420B0BADF0095CA33 /* Resources */,
			);
			buildRules = (
			);
			dependencies = (
				C14ED23820B0BADF0095CA33 /* PBXTargetDependency */,
			);
			name = ColorGameUITests;
			productName = ColorGameUITests;
			productReference = C14ED23620B0BADF0095CA33 /* ColorGameUITests.xctest */;
			productType = "com.apple.product-type.bundle.ui-testing";
		};
/* End PBXNativeTarget section */

/* Begin PBXProject section */
		C14ED20920B0BADE0095CA33 /* Project object */ = {
			isa = PBXProject;
			attributes = {
				LastSwiftUpdateCheck = 0930;
				LastUpgradeCheck = 0930;
				ORGANIZATIONNAME = "James Fielder";
				TargetAttributes = {
					C14ED21020B0BADE0095CA33 = {
						CreatedOnToolsVersion = 9.3;
					};
					C14ED22A20B0BADF0095CA33 = {
						CreatedOnToolsVersion = 9.3;
						TestTargetID = C14ED21020B0BADE0095CA33;
					};
					C14ED23520B0BADF0095CA33 = {
						CreatedOnToolsVersion = 9.3;
						TestTargetID = C14ED21020B0BADE0095CA33;
					};
				};
			};
			buildConfigurationList = C14ED20C20B0BADE0095CA33 /* Build configuration list for PBXProject "ColorGame" */;
			compatibilityVersion = "Xcode 9.3";
			developmentRegion = en;
			hasScannedForEncodings = 0;
			knownRegions = (
				en,
				Base,
			);
			mainGroup = C14ED20820B0BADE0095CA33;
			productRefGroup = C14ED21220B0BADE0095CA33 /* Products */;
			projectDirPath = "";
			projectRoot = "";
			targets = (
				C14ED21020B0BADE0095CA33 /* ColorGame */,
				C14ED22A20B0BADF0095CA33 /* ColorGameTests */,
				C14ED23520B0BADF0095CA33 /* ColorGameUITests */,
			);
		};
/* End PBXProject section */

/* Begin PBXResourcesBuildPhase section */
		C14ED20F20B0BADE0095CA33 /* Resources */ = {
			isa = PBXResourcesBuildPhase;
			buildActionMask = 2147483647;
			files = (
				C14ED22020B0BADE0095CA33 /* Main.storyboard in Resources */,
				C14ED21720B0BADE0095CA33 /* GameScene.sks in Resources */,
				C14ED25320B0BB6C0095CA33 /* background.wav in Resources */,
				C14ED25420B0BB6C0095CA33 /* levelCompleted.wav in Resources */,
				C14ED25620B0BB6C0095CA33 /* levelUp.wav in Resources */,
				C14ED22220B0BADF0095CA33 /* Assets.xcassets in Resources */,
				C14ED25120B0BB6C0095CA33 /* move.wav in Resources */,
				C14ED22520B0BADF0095CA33 /* LaunchScreen.storyboard in Resources */,
				C14ED21920B0BADE0095CA33 /* Actions.sks in Resources */,
				C14ED25520B0BB6C0095CA33 /* fail.wav in Resources */,
				C14ED25220B0BB6C0095CA33 /* MenuHighscoreMusic.mp3 in Resources */,
				C14ED25020B0BB6C0095CA33 /* powerUp.wav in Resources */,
			);
			runOnlyForDeploymentPostprocessing = 0;
		};
		C14ED22920B0BADF0095CA33 /* Resources */ = {
			isa = PBXResourcesBuildPhase;
			buildActionMask = 2147483647;
			files = (
			);
			runOnlyForDeploymentPostprocessing = 0;
		};
		C14ED23420B0BADF0095CA33 /* Resources */ = {
			isa = PBXResourcesBuildPhase;
			buildActionMask = 2147483647;
			files = (
			);
			runOnlyForDeploymentPostprocessing = 0;
		};
/* End PBXResourcesBuildPhase section */

/* Begin PBXSourcesBuildPhase section */
		C14ED20D20B0BADE0095CA33 /* Sources */ = {
			isa = PBXSourcesBuildPhase;
			buildActionMask = 2147483647;
			files = (
				C14ED21B20B0BADE0095CA33 /* GameScene.swift in Sources */,
				C14ED21D20B0BADE0095CA33 /* GameViewController.swift in Sources */,
				C14ED21520B0BADE0095CA33 /* AppDelegate.swift in Sources */,
			);
			runOnlyForDeploymentPostprocessing = 0;
		};
		C14ED22720B0BADF0095CA33 /* Sources */ = {
			isa = PBXSourcesBuildPhase;
			buildActionMask = 2147483647;
			files = (
				C14ED23020B0BADF0095CA33 /* ColorGameTests.swift in Sources */,
			);
			runOnlyForDeploymentPostprocessing = 0;
		};
		C14ED23220B0BADF0095CA33 /* Sources */ = {
			isa = PBXSourcesBuildPhase;
			buildActionMask = 2147483647;
			files = (
				C14ED23B20B0BADF0095CA33 /* ColorGameUITests.swift in Sources */,
			);
			runOnlyForDeploymentPostprocessing = 0;
		};
/* End PBXSourcesBuildPhase section */

/* Begin PBXTargetDependency section */
		C14ED22D20B0BADF0095CA33 /* PBXTargetDependency */ = {
			isa = PBXTargetDependency;
			target = C14ED21020B0BADE0095CA33 /* ColorGame */;
			targetProxy = C14ED22C20B0BADF0095CA33 /* PBXContainerItemProxy */;
		};
		C14ED23820B0BADF0095CA33 /* PBXTargetDependency */ = {
			isa = PBXTargetDependency;
			target = C14ED21020B0BADE0095CA33 /* ColorGame */;
			targetProxy = C14ED23720B0BADF0095CA33 /* PBXContainerItemProxy */;
		};
/* End PBXTargetDependency section */

/* Begin PBXVariantGroup section */
		C14ED21E20B0BADE0095CA33 /* Main.storyboard */ = {
			isa = PBXVariantGroup;
			children = (
				C14ED21F20B0BADE0095CA33 /* Base */,
			);
			name = Main.storyboard;
			sourceTree = "<group>";
		};
		C14ED22320B0BADF0095CA33 /* LaunchScreen.storyboard */ = {
			isa = PBXVariantGroup;
			children = (
				C14ED22420B0BADF0095CA33 /* Base */,
			);
			name = LaunchScreen.storyboard;
			sourceTree = "<group>";
		};
/* End PBXVariantGroup section */

/* Begin XCBuildConfiguration section */
		C14ED23D20B0BADF0095CA33 /* Debug */ = {
			isa = XCBuildConfiguration;
			buildSettings = {
				ALWAYS_SEARCH_USER_PATHS = NO;
				CLANG_ANALYZER_NONNULL = YES;
				CLANG_ANALYZER_NUMBER_OBJECT_CONVERSION = YES_AGGRESSIVE;
				CLANG_CXX_LANGUAGE_STANDARD = "gnu++14";
				CLANG_CXX_LIBRARY = "libc++";
				CLANG_ENABLE_MODULES = YES;
				CLANG_ENABLE_OBJC_ARC = YES;
				CLANG_ENABLE_OBJC_WEAK = YES;
				CLANG_WARN_BLOCK_CAPTURE_AUTORELEASING = YES;
				CLANG_WARN_BOOL_CONVERSION = YES;
				CLANG_WARN_COMMA = YES;
				CLANG_WARN_CONSTANT_CONVERSION = YES;
				CLANG_WARN_DEPRECATED_OBJC_IMPLEMENTATIONS = YES;
				CLANG_WARN_DIRECT_OBJC_ISA_USAGE = YES_ERROR;
				CLANG_WARN_DOCUMENTATION_COMMENTS = YES;
				CLANG_WARN_EMPTY_BODY = YES;
				CLANG_WARN_ENUM_CONVERSION = YES;
				CLANG_WARN_INFINITE_RECURSION = YES;
				CLANG_WARN_INT_CONVERSION = YES;
				CLANG_WARN_NON_LITERAL_NULL_CONVERSION = YES;
				CLANG_WARN_OBJC_IMPLICIT_RETAIN_SELF = YES;
				CLANG_WARN_OBJC_LITERAL_CONVERSION = YES;
				CLANG_WARN_OBJC_ROOT_CLASS = YES_ERROR;
				CLANG_WARN_RANGE_LOOP_ANALYSIS = YES;
				CLANG_WARN_STRICT_PROTOTYPES = YES;
				CLANG_WARN_SUSPICIOUS_MOVE = YES;
				CLANG_WARN_UNGUARDED_AVAILABILITY = YES_AGGRESSIVE;
				CLANG_WARN_UNREACHABLE_CODE = YES;
				CLANG_WARN__DUPLICATE_METHOD_MATCH = YES;
				CODE_SIGN_IDENTITY = "iPhone Developer";
				COPY_PHASE_STRIP = NO;
				DEBUG_INFORMATION_FORMAT = dwarf;
				ENABLE_STRICT_OBJC_MSGSEND = YES;
				ENABLE_TESTABILITY = YES;
				GCC_C_LANGUAGE_STANDARD = gnu11;
				GCC_DYNAMIC_NO_PIC = NO;
				GCC_NO_COMMON_BLOCKS = YES;
				GCC_OPTIMIZATION_LEVEL = 0;
				GCC_PREPROCESSOR_DEFINITIONS = (
					"DEBUG=1",
					"$(inherited)",
				);
				GCC_WARN_64_TO_32_BIT_CONVERSION = YES;
				GCC_WARN_ABOUT_RETURN_TYPE = YES_ERROR;
				GCC_WARN_UNDECLARED_SELECTOR = YES;
				GCC_WARN_UNINITIALIZED_AUTOS = YES_AGGRESSIVE;
				GCC_WARN_UNUSED_FUNCTION = YES;
				GCC_WARN_UNUSED_VARIABLE = YES;
				IPHONEOS_DEPLOYMENT_TARGET = 11.3;
				MTL_ENABLE_DEBUG_INFO = YES;
				ONLY_ACTIVE_ARCH = YES;
				SDKROOT = iphoneos;
				SWIFT_ACTIVE_COMPILATION_CONDITIONS = DEBUG;
				SWIFT_OPTIMIZATION_LEVEL = "-Onone";
			};
			name = Debug;
		};
		C14ED23E20B0BADF0095CA33 /* Release */ = {
			isa = XCBuildConfiguration;
			buildSettings = {
				ALWAYS_SEARCH_USER_PATHS = NO;
				CLANG_ANALYZER_NONNULL = YES;
				CLANG_ANALYZER_NUMBER_OBJECT_CONVERSION = YES_AGGRESSIVE;
				CLANG_CXX_LANGUAGE_STANDARD = "gnu++14";
				CLANG_CXX_LIBRARY = "libc++";
				CLANG_ENABLE_MODULES = YES;
				CLANG_ENABLE_OBJC_ARC = YES;
				CLANG_ENABLE_OBJC_WEAK = YES;
				CLANG_WARN_BLOCK_CAPTURE_AUTORELEASING = YES;
				CLANG_WARN_BOOL_CONVERSION = YES;
				CLANG_WARN_COMMA = YES;
				CLANG_WARN_CONSTANT_CONVERSION = YES;
				CLANG_WARN_DEPRECATED_OBJC_IMPLEMENTATIONS = YES;
				CLANG_WARN_DIRECT_OBJC_ISA_USAGE = YES_ERROR;
				CLANG_WARN_DOCUMENTATION_COMMENTS = YES;
				CLANG_WARN_EMPTY_BODY = YES;
				CLANG_WARN_ENUM_CONVERSION = YES;
				CLANG_WARN_INFINITE_RECURSION = YES;
				CLANG_WARN_INT_CONVERSION = YES;
				CLANG_WARN_NON_LITERAL_NULL_CONVERSION = YES;
				CLANG_WARN_OBJC_IMPLICIT_RETAIN_SELF = YES;
				CLANG_WARN_OBJC_LITERAL_CONVERSION = YES;
				CLANG_WARN_OBJC_ROOT_CLASS = YES_ERROR;
				CLANG_WARN_RANGE_LOOP_ANALYSIS = YES;
				CLANG_WARN_STRICT_PROTOTYPES = YES;
				CLANG_WARN_SUSPICIOUS_MOVE = YES;
				CLANG_WARN_UNGUARDED_AVAILABILITY = YES_AGGRESSIVE;
				CLANG_WARN_UNREACHABLE_CODE = YES;
				CLANG_WARN__DUPLICATE_METHOD_MATCH = YES;
				CODE_SIGN_IDENTITY = "iPhone Developer";
				COPY_PHASE_STRIP = NO;
				DEBUG_INFORMATION_FORMAT = "dwarf-with-dsym";
				ENABLE_NS_ASSERTIONS = NO;
				ENABLE_STRICT_OBJC_MSGSEND = YES;
				GCC_C_LANGUAGE_STANDARD = gnu11;
				GCC_NO_COMMON_BLOCKS = YES;
				GCC_WARN_64_TO_32_BIT_CONVERSION = YES;
				GCC_WARN_ABOUT_RETURN_TYPE = YES_ERROR;
				GCC_WARN_UNDECLARED_SELECTOR = YES;
				GCC_WARN_UNINITIALIZED_AUTOS = YES_AGGRESSIVE;
				GCC_WARN_UNUSED_FUNCTION = YES;
				GCC_WARN_UNUSED_VARIABLE = YES;
				IPHONEOS_DEPLOYMENT_TARGET = 11.3;
				MTL_ENABLE_DEBUG_INFO = NO;
				SDKROOT = iphoneos;
				SWIFT_COMPILATION_MODE = wholemodule;
				SWIFT_OPTIMIZATION_LEVEL = "-O";
				VALIDATE_PRODUCT = YES;
			};
			name = Release;
		};
		C14ED24020B0BADF0095CA33 /* Debug */ = {
			isa = XCBuildConfiguration;
			buildSettings = {
				ASSETCATALOG_COMPILER_APPICON_NAME = AppIcon;
				CODE_SIGN_STYLE = Automatic;
				INFOPLIST_FILE = ColorGame/Info.plist;
				LD_RUNPATH_SEARCH_PATHS = (
					"$(inherited)",
					"@executable_path/Frameworks",
				);
				PRODUCT_BUNDLE_IDENTIFIER = jamesfielder.ColorGame;
				PRODUCT_NAME = "$(TARGET_NAME)";
				SWIFT_VERSION = 4.0;
				TARGETED_DEVICE_FAMILY = "1,2";
			};
			name = Debug;
		};
		C14ED24120B0BADF0095CA33 /* Release */ = {
			isa = XCBuildConfiguration;
			buildSettings = {
				ASSETCATALOG_COMPILER_APPICON_NAME = AppIcon;
				CODE_SIGN_STYLE = Automatic;
				INFOPLIST_FILE = ColorGame/Info.plist;
				LD_RUNPATH_SEARCH_PATHS = (
					"$(inherited)",
					"@executable_path/Frameworks",
				);
				PRODUCT_BUNDLE_IDENTIFIER = jamesfielder.ColorGame;
				PRODUCT_NAME = "$(TARGET_NAME)";
				SWIFT_VERSION = 4.0;
				TARGETED_DEVICE_FAMILY = "1,2";
			};
			name = Release;
		};
		C14ED24320B0BADF0095CA33 /* Debug */ = {
			isa = XCBuildConfiguration;
			buildSettings = {
				ALWAYS_EMBED_SWIFT_STANDARD_LIBRARIES = YES;
				BUNDLE_LOADER = "$(TEST_HOST)";
				CODE_SIGN_STYLE = Automatic;
				INFOPLIST_FILE = ColorGameTests/Info.plist;
				LD_RUNPATH_SEARCH_PATHS = (
					"$(inherited)",
					"@executable_path/Frameworks",
					"@loader_path/Frameworks",
				);
				PRODUCT_BUNDLE_IDENTIFIER = jamesfielder.ColorGameTests;
				PRODUCT_NAME = "$(TARGET_NAME)";
				SWIFT_VERSION = 4.0;
				TARGETED_DEVICE_FAMILY = "1,2";
				TEST_HOST = "$(BUILT_PRODUCTS_DIR)/ColorGame.app/ColorGame";
			};
			name = Debug;
		};
		C14ED24420B0BADF0095CA33 /* Release */ = {
			isa = XCBuildConfiguration;
			buildSettings = {
				ALWAYS_EMBED_SWIFT_STANDARD_LIBRARIES = YES;
				BUNDLE_LOADER = "$(TEST_HOST)";
				CODE_SIGN_STYLE = Automatic;
				INFOPLIST_FILE = ColorGameTests/Info.plist;
				LD_RUNPATH_SEARCH_PATHS = (
					"$(inherited)",
					"@executable_path/Frameworks",
					"@loader_path/Frameworks",
				);
				PRODUCT_BUNDLE_IDENTIFIER = jamesfielder.ColorGameTests;
				PRODUCT_NAME = "$(TARGET_NAME)";
				SWIFT_VERSION = 4.0;
				TARGETED_DEVICE_FAMILY = "1,2";
				TEST_HOST = "$(BUILT_PRODUCTS_DIR)/ColorGame.app/ColorGame";
			};
			name = Release;
		};
		C14ED24620B0BADF0095CA33 /* Debug */ = {
			isa = XCBuildConfiguration;
			buildSettings = {
				ALWAYS_EMBED_SWIFT_STANDARD_LIBRARIES = YES;
				CODE_SIGN_STYLE = Automatic;
				INFOPLIST_FILE = ColorGameUITests/Info.plist;
				LD_RUNPATH_SEARCH_PATHS = (
					"$(inherited)",
					"@executable_path/Frameworks",
					"@loader_path/Frameworks",
				);
				PRODUCT_BUNDLE_IDENTIFIER = jamesfielder.ColorGameUITests;
				PRODUCT_NAME = "$(TARGET_NAME)";
				SWIFT_VERSION = 4.0;
				TARGETED_DEVICE_FAMILY = "1,2";
				TEST_TARGET_NAME = ColorGame;
			};
			name = Debug;
		};
		C14ED24720B0BADF0095CA33 /* Release */ = {
			isa = XCBuildConfiguration;
			buildSettings = {
				ALWAYS_EMBED_SWIFT_STANDARD_LIBRARIES = YES;
				CODE_SIGN_STYLE = Automatic;
				INFOPLIST_FILE = ColorGameUITests/Info.plist;
				LD_RUNPATH_SEARCH_PATHS = (
					"$(inherited)",
					"@executable_path/Frameworks",
					"@loader_path/Frameworks",
				);
				PRODUCT_BUNDLE_IDENTIFIER = jamesfielder.ColorGameUITests;
				PRODUCT_NAME = "$(TARGET_NAME)";
				SWIFT_VERSION = 4.0;
				TARGETED_DEVICE_FAMILY = "1,2";
				TEST_TARGET_NAME = ColorGame;
			};
			name = Release;
		};
/* End XCBuildConfiguration section */

/* Begin XCConfigurationList section */
		C14ED20C20B0BADE0095CA33 /* Build configuration list for PBXProject "ColorGame" */ = {
			isa = XCConfigurationList;
			buildConfigurations = (
				C14ED23D20B0BADF0095CA33 /* Debug */,
				C14ED23E20B0BADF0095CA33 /* Release */,
			);
			defaultConfigurationIsVisible = 0;
			defaultConfigurationName = Release;
		};
		C14ED23F20B0BADF0095CA33 /* Build configuration list for PBXNativeTarget "ColorGame" */ = {
			isa = XCConfigurationList;
			buildConfigurations = (
				C14ED24020B0BADF0095CA33 /* Debug */,
				C14ED24120B0BADF0095CA33 /* Release */,
			);
			defaultConfigurationIsVisible = 0;
			defaultConfigurationName = Release;
		};
		C14ED24220B0BADF0095CA33 /* Build configuration list for PBXNativeTarget "ColorGameTests" */ = {
			isa = XCConfigurationList;
			buildConfigurations = (
				C14ED24320B0BADF0095CA33 /* Debug */,
				C14ED24420B0BADF0095CA33 /* Release */,
			);
			defaultConfigurationIsVisible = 0;
			defaultConfigurationName = Release;
		};
		C14ED24520B0BADF0095CA33 /* Build configuration list for PBXNativeTarget "ColorGameUITests" */ = {
			isa = XCConfigurationList;
			buildConfigurations = (
				C14ED24620B0BADF0095CA33 /* Debug */,
				C14ED24720B0BADF0095CA33 /* Release */,
			);
			defaultConfigurationIsVisible = 0;
			defaultConfigurationName = Release;
		};
/* End XCConfigurationList section */
	};
	rootObject = C14ED20920B0BADE0095CA33 /* Project object */;
}
